
Microsoft Visual Studio Solution File, Format Version 11.00
# Visual Studio 2010
Project("{8BC9CEB8-8B4A-11D0-8D11-00A0C91BC942}") = "djondb_csharp", "djondb_csharp.vcxproj", "{B00DC682-6EC7-41C0-8E21-7F2D7DB2F3DB}"
EndProject
Project("{FAE04EC0-301F-11D3-BF4B-00C04F79EFBC}") = "TestApp", "..\TestApp\TestApp.csproj", "{421012A3-A779-4EC2-9E1C-659B55A182BB}"
EndProject
Project("{FAE04EC0-301F-11D3-BF4B-00C04F79EFBC}") = "DBootStrapper", "..\DBootStrapper\DBootStrapper.csproj", "{E7640B46-60A0-4DB3-A83F-61729B471254}"
EndProject
Global
	GlobalSection(SolutionConfigurationPlatforms) = preSolution
		Debug|Any CPU = Debug|Any CPU
		Debug|x64 = Debug|x64
		Debug|x86 = Debug|x86
		Release|Any CPU = Release|Any CPU
		Release|x64 = Release|x64
		Release|x86 = Release|x86
	EndGlobalSection
	GlobalSection(ProjectConfigurationPlatforms) = postSolution
		{B00DC682-6EC7-41C0-8E21-7F2D7DB2F3DB}.Debug|Any CPU.ActiveCfg = Debug|Win32
		{B00DC682-6EC7-41C0-8E21-7F2D7DB2F3DB}.Debug|Any CPU.Build.0 = Debug|Win32
		{B00DC682-6EC7-41C0-8E21-7F2D7DB2F3DB}.Debug|x64.ActiveCfg = Debug|x64
		{B00DC682-6EC7-41C0-8E21-7F2D7DB2F3DB}.Debug|x64.Build.0 = Debug|x64
		{B00DC682-6EC7-41C0-8E21-7F2D7DB2F3DB}.Debug|x86.ActiveCfg = Debug|Win32
		{B00DC682-6EC7-41C0-8E21-7F2D7DB2F3DB}.Release|Any CPU.ActiveCfg = Release|Win32
		{B00DC682-6EC7-41C0-8E21-7F2D7DB2F3DB}.Release|x64.ActiveCfg = Release|x64
		{B00DC682-6EC7-41C0-8E21-7F2D7DB2F3DB}.Release|x64.Build.0 = Release|x64
		{B00DC682-6EC7-41C0-8E21-7F2D7DB2F3DB}.Release|x86.ActiveCfg = Release|Win32
		{B00DC682-6EC7-41C0-8E21-7F2D7DB2F3DB}.Release|x86.Build.0 = Release|Win32
		{421012A3-A779-4EC2-9E1C-659B55A182BB}.Debug|Any CPU.ActiveCfg = Debug|Any CPU
		{421012A3-A779-4EC2-9E1C-659B55A182BB}.Debug|Any CPU.Build.0 = Debug|Any CPU
		{421012A3-A779-4EC2-9E1C-659B55A182BB}.Debug|x64.ActiveCfg = Debug|x64
		{421012A3-A779-4EC2-9E1C-659B55A182BB}.Debug|x64.Build.0 = Debug|x64
		{421012A3-A779-4EC2-9E1C-659B55A182BB}.Debug|x86.ActiveCfg = Debug|x86
		{421012A3-A779-4EC2-9E1C-659B55A182BB}.Debug|x86.Build.0 = Debug|x86
		{421012A3-A779-4EC2-9E1C-659B55A182BB}.Release|Any CPU.ActiveCfg = Release|Any CPU
		{421012A3-A779-4EC2-9E1C-659B55A182BB}.Release|Any CPU.Build.0 = Release|Any CPU
		{421012A3-A779-4EC2-9E1C-659B55A182BB}.Release|x64.ActiveCfg = Release|x64
		{421012A3-A779-4EC2-9E1C-659B55A182BB}.Release|x86.ActiveCfg = Release|x86
		{E7640B46-60A0-4DB3-A83F-61729B471254}.Debug|Any CPU.ActiveCfg = Debug|Any CPU
		{E7640B46-60A0-4DB3-A83F-61729B471254}.Debug|Any CPU.Build.0 = Debug|Any CPU
		{E7640B46-60A0-4DB3-A83F-61729B471254}.Debug|x64.ActiveCfg = Debug|Any CPU
		{E7640B46-60A0-4DB3-A83F-61729B471254}.Debug|x86.ActiveCfg = Debug|Any CPU
		{E7640B46-60A0-4DB3-A83F-61729B471254}.Release|Any CPU.ActiveCfg = Release|Any CPU
		{E7640B46-60A0-4DB3-A83F-61729B471254}.Release|Any CPU.Build.0 = Release|Any CPU
		{E7640B46-60A0-4DB3-A83F-61729B471254}.Release|x64.ActiveCfg = Release|Any CPU
		{E7640B46-60A0-4DB3-A83F-61729B471254}.Release|x86.ActiveCfg = Release|Any CPU
	EndGlobalSection
	GlobalSection(SolutionProperties) = preSolution
		HideSolutionNode = FALSE
	EndGlobalSection
EndGlobal
