
Microsoft Visual Studio Solution File, Format Version 11.00
# Visual Studio 2010
Project("{8BC9CEB8-8B4A-11D0-8D11-00A0C91BC942}") = "djondb_csharp", "djondb_csharp.vcxproj", "{B00DC682-6EC7-41C0-8E21-7F2D7DB2F3DB}"
EndProject
Project("{FAE04EC0-301F-11D3-BF4B-00C04F79EFBC}") = "TestApp", "..\TestApp\TestApp.csproj", "{421012A3-A779-4EC2-9E1C-659B55A182BB}"
EndProject
Project("{6141683F-8A12-4E36-9623-2EB02B2C2303}") = "SetupCSharp", "..\SetupCSharp\SetupCSharp.isproj", "{8683F420-4A14-49B5-B143-1CC019CD6077}"
	ProjectSection(ProjectDependencies) = postProject
		{B00DC682-6EC7-41C0-8E21-7F2D7DB2F3DB} = {B00DC682-6EC7-41C0-8E21-7F2D7DB2F3DB}
	EndProjectSection
EndProject
Project("{6141683F-8A12-4E36-9623-2EB02B2C2303}") = "SetupCSharp64", "..\SetupCSharp64\SetupCSharp64.isproj", "{C5AA5E9B-1D3C-4A53-9FCF-9EC2BFAF6FE6}"
	ProjectSection(ProjectDependencies) = postProject
		{B00DC682-6EC7-41C0-8E21-7F2D7DB2F3DB} = {B00DC682-6EC7-41C0-8E21-7F2D7DB2F3DB}
	EndProjectSection
EndProject
Project("{FAE04EC0-301F-11D3-BF4B-00C04F79EFBC}") = "DBootStrapper", "..\DBootStrapper\DBootStrapper.csproj", "{E7640B46-60A0-4DB3-A83F-61729B471254}"
EndProject
Global
	GlobalSection(SolutionConfigurationPlatforms) = preSolution
		CD_ROM|Any CPU = CD_ROM|Any CPU
		CD_ROM|Mixed Platforms = CD_ROM|Mixed Platforms
		CD_ROM|Win32 = CD_ROM|Win32
		CD_ROM|x64 = CD_ROM|x64
		CD_ROM|x86 = CD_ROM|x86
		Debug|Any CPU = Debug|Any CPU
		Debug|Mixed Platforms = Debug|Mixed Platforms
		Debug|Win32 = Debug|Win32
		Debug|x64 = Debug|x64
		Debug|x86 = Debug|x86
		DVD-5|Any CPU = DVD-5|Any CPU
		DVD-5|Mixed Platforms = DVD-5|Mixed Platforms
		DVD-5|Win32 = DVD-5|Win32
		DVD-5|x64 = DVD-5|x64
		DVD-5|x86 = DVD-5|x86
		Release|Any CPU = Release|Any CPU
		Release|Mixed Platforms = Release|Mixed Platforms
		Release|Win32 = Release|Win32
		Release|x64 = Release|x64
		Release|x86 = Release|x86
		SingleImage|Any CPU = SingleImage|Any CPU
		SingleImage|Mixed Platforms = SingleImage|Mixed Platforms
		SingleImage|Win32 = SingleImage|Win32
		SingleImage|x64 = SingleImage|x64
		SingleImage|x86 = SingleImage|x86
	EndGlobalSection
	GlobalSection(ProjectConfigurationPlatforms) = postSolution
		{B00DC682-6EC7-41C0-8E21-7F2D7DB2F3DB}.CD_ROM|Any CPU.ActiveCfg = Release|x64
		{B00DC682-6EC7-41C0-8E21-7F2D7DB2F3DB}.CD_ROM|Mixed Platforms.ActiveCfg = Release|x64
		{B00DC682-6EC7-41C0-8E21-7F2D7DB2F3DB}.CD_ROM|Mixed Platforms.Build.0 = Release|x64
		{B00DC682-6EC7-41C0-8E21-7F2D7DB2F3DB}.CD_ROM|Win32.ActiveCfg = Release|x64
		{B00DC682-6EC7-41C0-8E21-7F2D7DB2F3DB}.CD_ROM|x64.ActiveCfg = Release|x64
		{B00DC682-6EC7-41C0-8E21-7F2D7DB2F3DB}.CD_ROM|x64.Build.0 = Release|x64
		{B00DC682-6EC7-41C0-8E21-7F2D7DB2F3DB}.CD_ROM|x86.ActiveCfg = Release|x64
		{B00DC682-6EC7-41C0-8E21-7F2D7DB2F3DB}.Debug|Any CPU.ActiveCfg = Debug|x64
		{B00DC682-6EC7-41C0-8E21-7F2D7DB2F3DB}.Debug|Mixed Platforms.ActiveCfg = Debug|Win32
		{B00DC682-6EC7-41C0-8E21-7F2D7DB2F3DB}.Debug|Mixed Platforms.Build.0 = Debug|Win32
		{B00DC682-6EC7-41C0-8E21-7F2D7DB2F3DB}.Debug|Win32.ActiveCfg = Debug|Win32
		{B00DC682-6EC7-41C0-8E21-7F2D7DB2F3DB}.Debug|Win32.Build.0 = Debug|Win32
		{B00DC682-6EC7-41C0-8E21-7F2D7DB2F3DB}.Debug|x64.ActiveCfg = Debug|x64
		{B00DC682-6EC7-41C0-8E21-7F2D7DB2F3DB}.Debug|x64.Build.0 = Debug|x64
		{B00DC682-6EC7-41C0-8E21-7F2D7DB2F3DB}.Debug|x86.ActiveCfg = Debug|Win32
		{B00DC682-6EC7-41C0-8E21-7F2D7DB2F3DB}.DVD-5|Any CPU.ActiveCfg = Debug|x64
		{B00DC682-6EC7-41C0-8E21-7F2D7DB2F3DB}.DVD-5|Mixed Platforms.ActiveCfg = Debug|x64
		{B00DC682-6EC7-41C0-8E21-7F2D7DB2F3DB}.DVD-5|Mixed Platforms.Build.0 = Debug|x64
		{B00DC682-6EC7-41C0-8E21-7F2D7DB2F3DB}.DVD-5|Win32.ActiveCfg = Debug|x64
		{B00DC682-6EC7-41C0-8E21-7F2D7DB2F3DB}.DVD-5|x64.ActiveCfg = Debug|x64
		{B00DC682-6EC7-41C0-8E21-7F2D7DB2F3DB}.DVD-5|x64.Build.0 = Debug|x64
		{B00DC682-6EC7-41C0-8E21-7F2D7DB2F3DB}.DVD-5|x86.ActiveCfg = Debug|x64
		{B00DC682-6EC7-41C0-8E21-7F2D7DB2F3DB}.Release|Any CPU.ActiveCfg = Release|x64
		{B00DC682-6EC7-41C0-8E21-7F2D7DB2F3DB}.Release|Mixed Platforms.ActiveCfg = Release|Win32
		{B00DC682-6EC7-41C0-8E21-7F2D7DB2F3DB}.Release|Mixed Platforms.Build.0 = Release|Win32
		{B00DC682-6EC7-41C0-8E21-7F2D7DB2F3DB}.Release|Win32.ActiveCfg = Release|Win32
		{B00DC682-6EC7-41C0-8E21-7F2D7DB2F3DB}.Release|Win32.Build.0 = Release|Win32
		{B00DC682-6EC7-41C0-8E21-7F2D7DB2F3DB}.Release|x64.ActiveCfg = Release|x64
		{B00DC682-6EC7-41C0-8E21-7F2D7DB2F3DB}.Release|x64.Build.0 = Release|x64
		{B00DC682-6EC7-41C0-8E21-7F2D7DB2F3DB}.Release|x86.ActiveCfg = Release|Win32
		{B00DC682-6EC7-41C0-8E21-7F2D7DB2F3DB}.SingleImage|Any CPU.ActiveCfg = Release|x64
		{B00DC682-6EC7-41C0-8E21-7F2D7DB2F3DB}.SingleImage|Mixed Platforms.ActiveCfg = Release|x64
		{B00DC682-6EC7-41C0-8E21-7F2D7DB2F3DB}.SingleImage|Mixed Platforms.Build.0 = Release|x64
		{B00DC682-6EC7-41C0-8E21-7F2D7DB2F3DB}.SingleImage|Win32.ActiveCfg = Release|x64
		{B00DC682-6EC7-41C0-8E21-7F2D7DB2F3DB}.SingleImage|x64.ActiveCfg = Release|x64
		{B00DC682-6EC7-41C0-8E21-7F2D7DB2F3DB}.SingleImage|x64.Build.0 = Release|x64
		{B00DC682-6EC7-41C0-8E21-7F2D7DB2F3DB}.SingleImage|x86.ActiveCfg = Release|x64
		{421012A3-A779-4EC2-9E1C-659B55A182BB}.CD_ROM|Any CPU.ActiveCfg = Release|x64
		{421012A3-A779-4EC2-9E1C-659B55A182BB}.CD_ROM|Mixed Platforms.ActiveCfg = Release|x64
		{421012A3-A779-4EC2-9E1C-659B55A182BB}.CD_ROM|Mixed Platforms.Build.0 = Release|x64
		{421012A3-A779-4EC2-9E1C-659B55A182BB}.CD_ROM|Win32.ActiveCfg = Release|x64
		{421012A3-A779-4EC2-9E1C-659B55A182BB}.CD_ROM|x64.ActiveCfg = Release|x64
		{421012A3-A779-4EC2-9E1C-659B55A182BB}.CD_ROM|x64.Build.0 = Release|x64
		{421012A3-A779-4EC2-9E1C-659B55A182BB}.CD_ROM|x86.ActiveCfg = Release|x64
		{421012A3-A779-4EC2-9E1C-659B55A182BB}.Debug|Any CPU.ActiveCfg = Debug|Any CPU
		{421012A3-A779-4EC2-9E1C-659B55A182BB}.Debug|Any CPU.Build.0 = Debug|Any CPU
		{421012A3-A779-4EC2-9E1C-659B55A182BB}.Debug|Mixed Platforms.ActiveCfg = Debug|x86
		{421012A3-A779-4EC2-9E1C-659B55A182BB}.Debug|Mixed Platforms.Build.0 = Debug|x86
		{421012A3-A779-4EC2-9E1C-659B55A182BB}.Debug|Win32.ActiveCfg = Debug|x86
		{421012A3-A779-4EC2-9E1C-659B55A182BB}.Debug|Win32.Build.0 = Debug|x86
		{421012A3-A779-4EC2-9E1C-659B55A182BB}.Debug|x64.ActiveCfg = Debug|x64
		{421012A3-A779-4EC2-9E1C-659B55A182BB}.Debug|x64.Build.0 = Debug|x64
		{421012A3-A779-4EC2-9E1C-659B55A182BB}.Debug|x86.ActiveCfg = Debug|x86
		{421012A3-A779-4EC2-9E1C-659B55A182BB}.Debug|x86.Build.0 = Debug|x86
		{421012A3-A779-4EC2-9E1C-659B55A182BB}.DVD-5|Any CPU.ActiveCfg = Debug|x64
		{421012A3-A779-4EC2-9E1C-659B55A182BB}.DVD-5|Mixed Platforms.ActiveCfg = Debug|x64
		{421012A3-A779-4EC2-9E1C-659B55A182BB}.DVD-5|Mixed Platforms.Build.0 = Debug|x64
		{421012A3-A779-4EC2-9E1C-659B55A182BB}.DVD-5|Win32.ActiveCfg = Debug|x64
		{421012A3-A779-4EC2-9E1C-659B55A182BB}.DVD-5|x64.ActiveCfg = Debug|x64
		{421012A3-A779-4EC2-9E1C-659B55A182BB}.DVD-5|x64.Build.0 = Debug|x64
		{421012A3-A779-4EC2-9E1C-659B55A182BB}.DVD-5|x86.ActiveCfg = Debug|x64
		{421012A3-A779-4EC2-9E1C-659B55A182BB}.Release|Any CPU.ActiveCfg = Release|x64
		{421012A3-A779-4EC2-9E1C-659B55A182BB}.Release|Mixed Platforms.ActiveCfg = Release|x86
		{421012A3-A779-4EC2-9E1C-659B55A182BB}.Release|Mixed Platforms.Build.0 = Release|x86
		{421012A3-A779-4EC2-9E1C-659B55A182BB}.Release|Win32.ActiveCfg = Release|x86
		{421012A3-A779-4EC2-9E1C-659B55A182BB}.Release|x64.ActiveCfg = Release|x64
		{421012A3-A779-4EC2-9E1C-659B55A182BB}.Release|x64.Build.0 = Release|x64
		{421012A3-A779-4EC2-9E1C-659B55A182BB}.Release|x86.ActiveCfg = Release|x86
		{421012A3-A779-4EC2-9E1C-659B55A182BB}.Release|x86.Build.0 = Release|x86
		{421012A3-A779-4EC2-9E1C-659B55A182BB}.SingleImage|Any CPU.ActiveCfg = Release|Any CPU
		{421012A3-A779-4EC2-9E1C-659B55A182BB}.SingleImage|Any CPU.Build.0 = Release|Any CPU
		{421012A3-A779-4EC2-9E1C-659B55A182BB}.SingleImage|Mixed Platforms.ActiveCfg = Release|x64
		{421012A3-A779-4EC2-9E1C-659B55A182BB}.SingleImage|Mixed Platforms.Build.0 = Release|x64
		{421012A3-A779-4EC2-9E1C-659B55A182BB}.SingleImage|Win32.ActiveCfg = Release|x64
		{421012A3-A779-4EC2-9E1C-659B55A182BB}.SingleImage|x64.ActiveCfg = Release|x64
		{421012A3-A779-4EC2-9E1C-659B55A182BB}.SingleImage|x64.Build.0 = Release|x64
		{421012A3-A779-4EC2-9E1C-659B55A182BB}.SingleImage|x86.ActiveCfg = Release|x64
		{8683F420-4A14-49B5-B143-1CC019CD6077}.CD_ROM|Any CPU.ActiveCfg = CD_ROM
		{8683F420-4A14-49B5-B143-1CC019CD6077}.CD_ROM|Any CPU.Build.0 = CD_ROM
		{8683F420-4A14-49B5-B143-1CC019CD6077}.CD_ROM|Mixed Platforms.ActiveCfg = CD_ROM
		{8683F420-4A14-49B5-B143-1CC019CD6077}.CD_ROM|Mixed Platforms.Build.0 = CD_ROM
		{8683F420-4A14-49B5-B143-1CC019CD6077}.CD_ROM|Win32.ActiveCfg = CD_ROM
		{8683F420-4A14-49B5-B143-1CC019CD6077}.CD_ROM|Win32.Build.0 = CD_ROM
		{8683F420-4A14-49B5-B143-1CC019CD6077}.CD_ROM|x64.ActiveCfg = CD_ROM
		{8683F420-4A14-49B5-B143-1CC019CD6077}.CD_ROM|x64.Build.0 = CD_ROM
		{8683F420-4A14-49B5-B143-1CC019CD6077}.CD_ROM|x86.ActiveCfg = CD_ROM
		{8683F420-4A14-49B5-B143-1CC019CD6077}.CD_ROM|x86.Build.0 = CD_ROM
		{8683F420-4A14-49B5-B143-1CC019CD6077}.Debug|Any CPU.ActiveCfg = DVD-5
		{8683F420-4A14-49B5-B143-1CC019CD6077}.Debug|Any CPU.Build.0 = DVD-5
		{8683F420-4A14-49B5-B143-1CC019CD6077}.Debug|Mixed Platforms.ActiveCfg = DVD-5
		{8683F420-4A14-49B5-B143-1CC019CD6077}.Debug|Mixed Platforms.Build.0 = DVD-5
		{8683F420-4A14-49B5-B143-1CC019CD6077}.Debug|Win32.ActiveCfg = DVD-5
		{8683F420-4A14-49B5-B143-1CC019CD6077}.Debug|Win32.Build.0 = DVD-5
		{8683F420-4A14-49B5-B143-1CC019CD6077}.Debug|x64.ActiveCfg = DVD-5
		{8683F420-4A14-49B5-B143-1CC019CD6077}.Debug|x64.Build.0 = DVD-5
		{8683F420-4A14-49B5-B143-1CC019CD6077}.Debug|x86.ActiveCfg = DVD-5
		{8683F420-4A14-49B5-B143-1CC019CD6077}.Debug|x86.Build.0 = DVD-5
		{8683F420-4A14-49B5-B143-1CC019CD6077}.DVD-5|Any CPU.ActiveCfg = DVD-5
		{8683F420-4A14-49B5-B143-1CC019CD6077}.DVD-5|Any CPU.Build.0 = DVD-5
		{8683F420-4A14-49B5-B143-1CC019CD6077}.DVD-5|Mixed Platforms.ActiveCfg = DVD-5
		{8683F420-4A14-49B5-B143-1CC019CD6077}.DVD-5|Mixed Platforms.Build.0 = DVD-5
		{8683F420-4A14-49B5-B143-1CC019CD6077}.DVD-5|Win32.ActiveCfg = DVD-5
		{8683F420-4A14-49B5-B143-1CC019CD6077}.DVD-5|Win32.Build.0 = DVD-5
		{8683F420-4A14-49B5-B143-1CC019CD6077}.DVD-5|x64.ActiveCfg = DVD-5
		{8683F420-4A14-49B5-B143-1CC019CD6077}.DVD-5|x64.Build.0 = DVD-5
		{8683F420-4A14-49B5-B143-1CC019CD6077}.DVD-5|x86.ActiveCfg = DVD-5
		{8683F420-4A14-49B5-B143-1CC019CD6077}.DVD-5|x86.Build.0 = DVD-5
		{8683F420-4A14-49B5-B143-1CC019CD6077}.Release|Any CPU.ActiveCfg = SingleImage
		{8683F420-4A14-49B5-B143-1CC019CD6077}.Release|Any CPU.Build.0 = SingleImage
		{8683F420-4A14-49B5-B143-1CC019CD6077}.Release|Mixed Platforms.ActiveCfg = SingleImage
		{8683F420-4A14-49B5-B143-1CC019CD6077}.Release|Mixed Platforms.Build.0 = SingleImage
		{8683F420-4A14-49B5-B143-1CC019CD6077}.Release|Win32.ActiveCfg = SingleImage
		{8683F420-4A14-49B5-B143-1CC019CD6077}.Release|Win32.Build.0 = SingleImage
		{8683F420-4A14-49B5-B143-1CC019CD6077}.Release|x64.ActiveCfg = SingleImage
		{8683F420-4A14-49B5-B143-1CC019CD6077}.Release|x64.Build.0 = SingleImage
		{8683F420-4A14-49B5-B143-1CC019CD6077}.Release|x86.ActiveCfg = SingleImage
		{8683F420-4A14-49B5-B143-1CC019CD6077}.Release|x86.Build.0 = SingleImage
		{8683F420-4A14-49B5-B143-1CC019CD6077}.SingleImage|Any CPU.ActiveCfg = SingleImage
		{8683F420-4A14-49B5-B143-1CC019CD6077}.SingleImage|Mixed Platforms.ActiveCfg = SingleImage
		{8683F420-4A14-49B5-B143-1CC019CD6077}.SingleImage|Mixed Platforms.Build.0 = SingleImage
		{8683F420-4A14-49B5-B143-1CC019CD6077}.SingleImage|Win32.ActiveCfg = SingleImage
		{8683F420-4A14-49B5-B143-1CC019CD6077}.SingleImage|Win32.Build.0 = SingleImage
		{8683F420-4A14-49B5-B143-1CC019CD6077}.SingleImage|x64.ActiveCfg = SingleImage
		{8683F420-4A14-49B5-B143-1CC019CD6077}.SingleImage|x64.Build.0 = SingleImage
		{8683F420-4A14-49B5-B143-1CC019CD6077}.SingleImage|x86.ActiveCfg = SingleImage
		{8683F420-4A14-49B5-B143-1CC019CD6077}.SingleImage|x86.Build.0 = SingleImage
		{C5AA5E9B-1D3C-4A53-9FCF-9EC2BFAF6FE6}.CD_ROM|Any CPU.ActiveCfg = CD_ROM
		{C5AA5E9B-1D3C-4A53-9FCF-9EC2BFAF6FE6}.CD_ROM|Any CPU.Build.0 = CD_ROM
		{C5AA5E9B-1D3C-4A53-9FCF-9EC2BFAF6FE6}.CD_ROM|Mixed Platforms.ActiveCfg = CD_ROM
		{C5AA5E9B-1D3C-4A53-9FCF-9EC2BFAF6FE6}.CD_ROM|Mixed Platforms.Build.0 = CD_ROM
		{C5AA5E9B-1D3C-4A53-9FCF-9EC2BFAF6FE6}.CD_ROM|Win32.ActiveCfg = CD_ROM
		{C5AA5E9B-1D3C-4A53-9FCF-9EC2BFAF6FE6}.CD_ROM|Win32.Build.0 = CD_ROM
		{C5AA5E9B-1D3C-4A53-9FCF-9EC2BFAF6FE6}.CD_ROM|x64.ActiveCfg = CD_ROM
		{C5AA5E9B-1D3C-4A53-9FCF-9EC2BFAF6FE6}.CD_ROM|x64.Build.0 = CD_ROM
		{C5AA5E9B-1D3C-4A53-9FCF-9EC2BFAF6FE6}.CD_ROM|x86.ActiveCfg = CD_ROM
		{C5AA5E9B-1D3C-4A53-9FCF-9EC2BFAF6FE6}.CD_ROM|x86.Build.0 = CD_ROM
		{C5AA5E9B-1D3C-4A53-9FCF-9EC2BFAF6FE6}.Debug|Any CPU.ActiveCfg = DVD-5
		{C5AA5E9B-1D3C-4A53-9FCF-9EC2BFAF6FE6}.Debug|Any CPU.Build.0 = DVD-5
		{C5AA5E9B-1D3C-4A53-9FCF-9EC2BFAF6FE6}.Debug|Mixed Platforms.ActiveCfg = DVD-5
		{C5AA5E9B-1D3C-4A53-9FCF-9EC2BFAF6FE6}.Debug|Mixed Platforms.Build.0 = DVD-5
		{C5AA5E9B-1D3C-4A53-9FCF-9EC2BFAF6FE6}.Debug|Win32.ActiveCfg = DVD-5
		{C5AA5E9B-1D3C-4A53-9FCF-9EC2BFAF6FE6}.Debug|Win32.Build.0 = DVD-5
		{C5AA5E9B-1D3C-4A53-9FCF-9EC2BFAF6FE6}.Debug|x64.ActiveCfg = DVD-5
		{C5AA5E9B-1D3C-4A53-9FCF-9EC2BFAF6FE6}.Debug|x64.Build.0 = DVD-5
		{C5AA5E9B-1D3C-4A53-9FCF-9EC2BFAF6FE6}.Debug|x86.ActiveCfg = DVD-5
		{C5AA5E9B-1D3C-4A53-9FCF-9EC2BFAF6FE6}.Debug|x86.Build.0 = DVD-5
		{C5AA5E9B-1D3C-4A53-9FCF-9EC2BFAF6FE6}.DVD-5|Any CPU.ActiveCfg = DVD-5
		{C5AA5E9B-1D3C-4A53-9FCF-9EC2BFAF6FE6}.DVD-5|Any CPU.Build.0 = DVD-5
		{C5AA5E9B-1D3C-4A53-9FCF-9EC2BFAF6FE6}.DVD-5|Mixed Platforms.ActiveCfg = DVD-5
		{C5AA5E9B-1D3C-4A53-9FCF-9EC2BFAF6FE6}.DVD-5|Mixed Platforms.Build.0 = DVD-5
		{C5AA5E9B-1D3C-4A53-9FCF-9EC2BFAF6FE6}.DVD-5|Win32.ActiveCfg = DVD-5
		{C5AA5E9B-1D3C-4A53-9FCF-9EC2BFAF6FE6}.DVD-5|Win32.Build.0 = DVD-5
		{C5AA5E9B-1D3C-4A53-9FCF-9EC2BFAF6FE6}.DVD-5|x64.ActiveCfg = DVD-5
		{C5AA5E9B-1D3C-4A53-9FCF-9EC2BFAF6FE6}.DVD-5|x64.Build.0 = DVD-5
		{C5AA5E9B-1D3C-4A53-9FCF-9EC2BFAF6FE6}.DVD-5|x86.ActiveCfg = DVD-5
		{C5AA5E9B-1D3C-4A53-9FCF-9EC2BFAF6FE6}.DVD-5|x86.Build.0 = DVD-5
		{C5AA5E9B-1D3C-4A53-9FCF-9EC2BFAF6FE6}.Release|Any CPU.ActiveCfg = SingleImage
		{C5AA5E9B-1D3C-4A53-9FCF-9EC2BFAF6FE6}.Release|Any CPU.Build.0 = SingleImage
		{C5AA5E9B-1D3C-4A53-9FCF-9EC2BFAF6FE6}.Release|Mixed Platforms.ActiveCfg = SingleImage
		{C5AA5E9B-1D3C-4A53-9FCF-9EC2BFAF6FE6}.Release|Mixed Platforms.Build.0 = SingleImage
		{C5AA5E9B-1D3C-4A53-9FCF-9EC2BFAF6FE6}.Release|Win32.ActiveCfg = SingleImage
		{C5AA5E9B-1D3C-4A53-9FCF-9EC2BFAF6FE6}.Release|Win32.Build.0 = SingleImage
		{C5AA5E9B-1D3C-4A53-9FCF-9EC2BFAF6FE6}.Release|x64.ActiveCfg = SingleImage
		{C5AA5E9B-1D3C-4A53-9FCF-9EC2BFAF6FE6}.Release|x64.Build.0 = SingleImage
		{C5AA5E9B-1D3C-4A53-9FCF-9EC2BFAF6FE6}.Release|x86.ActiveCfg = SingleImage
		{C5AA5E9B-1D3C-4A53-9FCF-9EC2BFAF6FE6}.Release|x86.Build.0 = SingleImage
		{C5AA5E9B-1D3C-4A53-9FCF-9EC2BFAF6FE6}.SingleImage|Any CPU.ActiveCfg = SingleImage
		{C5AA5E9B-1D3C-4A53-9FCF-9EC2BFAF6FE6}.SingleImage|Mixed Platforms.ActiveCfg = SingleImage
		{C5AA5E9B-1D3C-4A53-9FCF-9EC2BFAF6FE6}.SingleImage|Mixed Platforms.Build.0 = SingleImage
		{C5AA5E9B-1D3C-4A53-9FCF-9EC2BFAF6FE6}.SingleImage|Win32.ActiveCfg = SingleImage
		{C5AA5E9B-1D3C-4A53-9FCF-9EC2BFAF6FE6}.SingleImage|Win32.Build.0 = SingleImage
		{C5AA5E9B-1D3C-4A53-9FCF-9EC2BFAF6FE6}.SingleImage|x64.ActiveCfg = SingleImage
		{C5AA5E9B-1D3C-4A53-9FCF-9EC2BFAF6FE6}.SingleImage|x64.Build.0 = SingleImage
		{C5AA5E9B-1D3C-4A53-9FCF-9EC2BFAF6FE6}.SingleImage|x86.ActiveCfg = SingleImage
		{C5AA5E9B-1D3C-4A53-9FCF-9EC2BFAF6FE6}.SingleImage|x86.Build.0 = SingleImage
		{E7640B46-60A0-4DB3-A83F-61729B471254}.CD_ROM|Any CPU.ActiveCfg = Release|Any CPU
		{E7640B46-60A0-4DB3-A83F-61729B471254}.CD_ROM|Any CPU.Build.0 = Release|Any CPU
		{E7640B46-60A0-4DB3-A83F-61729B471254}.CD_ROM|Mixed Platforms.ActiveCfg = Release|Any CPU
		{E7640B46-60A0-4DB3-A83F-61729B471254}.CD_ROM|Mixed Platforms.Build.0 = Release|Any CPU
		{E7640B46-60A0-4DB3-A83F-61729B471254}.CD_ROM|Win32.ActiveCfg = Release|Any CPU
		{E7640B46-60A0-4DB3-A83F-61729B471254}.CD_ROM|x64.ActiveCfg = Release|Any CPU
		{E7640B46-60A0-4DB3-A83F-61729B471254}.CD_ROM|x86.ActiveCfg = Release|Any CPU
		{E7640B46-60A0-4DB3-A83F-61729B471254}.Debug|Any CPU.ActiveCfg = Debug|Any CPU
		{E7640B46-60A0-4DB3-A83F-61729B471254}.Debug|Any CPU.Build.0 = Debug|Any CPU
		{E7640B46-60A0-4DB3-A83F-61729B471254}.Debug|Mixed Platforms.ActiveCfg = Debug|Any CPU
		{E7640B46-60A0-4DB3-A83F-61729B471254}.Debug|Mixed Platforms.Build.0 = Debug|Any CPU
		{E7640B46-60A0-4DB3-A83F-61729B471254}.Debug|Win32.ActiveCfg = Debug|Any CPU
		{E7640B46-60A0-4DB3-A83F-61729B471254}.Debug|x64.ActiveCfg = Debug|Any CPU
		{E7640B46-60A0-4DB3-A83F-61729B471254}.Debug|x86.ActiveCfg = Debug|Any CPU
		{E7640B46-60A0-4DB3-A83F-61729B471254}.DVD-5|Any CPU.ActiveCfg = Debug|Any CPU
		{E7640B46-60A0-4DB3-A83F-61729B471254}.DVD-5|Any CPU.Build.0 = Debug|Any CPU
		{E7640B46-60A0-4DB3-A83F-61729B471254}.DVD-5|Mixed Platforms.ActiveCfg = Debug|Any CPU
		{E7640B46-60A0-4DB3-A83F-61729B471254}.DVD-5|Mixed Platforms.Build.0 = Debug|Any CPU
		{E7640B46-60A0-4DB3-A83F-61729B471254}.DVD-5|Win32.ActiveCfg = Debug|Any CPU
		{E7640B46-60A0-4DB3-A83F-61729B471254}.DVD-5|x64.ActiveCfg = Debug|Any CPU
		{E7640B46-60A0-4DB3-A83F-61729B471254}.DVD-5|x86.ActiveCfg = Debug|Any CPU
		{E7640B46-60A0-4DB3-A83F-61729B471254}.Release|Any CPU.ActiveCfg = Release|Any CPU
		{E7640B46-60A0-4DB3-A83F-61729B471254}.Release|Any CPU.Build.0 = Release|Any CPU
		{E7640B46-60A0-4DB3-A83F-61729B471254}.Release|Mixed Platforms.ActiveCfg = Release|Any CPU
		{E7640B46-60A0-4DB3-A83F-61729B471254}.Release|Mixed Platforms.Build.0 = Release|Any CPU
		{E7640B46-60A0-4DB3-A83F-61729B471254}.Release|Win32.ActiveCfg = Release|Any CPU
		{E7640B46-60A0-4DB3-A83F-61729B471254}.Release|x64.ActiveCfg = Release|Any CPU
		{E7640B46-60A0-4DB3-A83F-61729B471254}.Release|x86.ActiveCfg = Release|Any CPU
		{E7640B46-60A0-4DB3-A83F-61729B471254}.SingleImage|Any CPU.ActiveCfg = Release|Any CPU
		{E7640B46-60A0-4DB3-A83F-61729B471254}.SingleImage|Any CPU.Build.0 = Release|Any CPU
		{E7640B46-60A0-4DB3-A83F-61729B471254}.SingleImage|Mixed Platforms.ActiveCfg = Release|Any CPU
		{E7640B46-60A0-4DB3-A83F-61729B471254}.SingleImage|Mixed Platforms.Build.0 = Release|Any CPU
		{E7640B46-60A0-4DB3-A83F-61729B471254}.SingleImage|Win32.ActiveCfg = Release|Any CPU
		{E7640B46-60A0-4DB3-A83F-61729B471254}.SingleImage|x64.ActiveCfg = Release|Any CPU
		{E7640B46-60A0-4DB3-A83F-61729B471254}.SingleImage|x86.ActiveCfg = Release|Any CPU
	EndGlobalSection
	GlobalSection(SolutionProperties) = preSolution
		HideSolutionNode = FALSE
	EndGlobalSection
EndGlobal
