
Microsoft Visual Studio Solution File, Format Version 11.00
# Visual Studio 2010
Project("{8BC9CEB8-8B4A-11D0-8D11-00A0C91BC942}") = "djondb_csharp", "djondb_csharp.vcxproj", "{B00DC682-6EC7-41C0-8E21-7F2D7DB2F3DB}"
EndProject
Project("{FAE04EC0-301F-11D3-BF4B-00C04F79EFBC}") = "TestApp", "..\TestApp\TestApp.csproj", "{421012A3-A779-4EC2-9E1C-659B55A182BB}"
	ProjectSection(ProjectDependencies) = postProject
		{B00DC682-6EC7-41C0-8E21-7F2D7DB2F3DB} = {B00DC682-6EC7-41C0-8E21-7F2D7DB2F3DB}
	EndProjectSection
EndProject
Project("{FAE04EC0-301F-11D3-BF4B-00C04F79EFBC}") = "DBootStrapper", "..\DBootStrapper\DBootStrapper.csproj", "{E7640B46-60A0-4DB3-A83F-61729B471254}"
EndProject
Global
	GlobalSection(SolutionConfigurationPlatforms) = preSolution
		Debug|Any CPU = Debug|Any CPU
		Debug|Mixed Platforms = Debug|Mixed Platforms
		Debug|x64 = Debug|x64
		Debug|x86 = Debug|x86
		Release|Any CPU = Release|Any CPU
		Release|Mixed Platforms = Release|Mixed Platforms
		Release|x64 = Release|x64
		Release|x86 = Release|x86
		RelWithDebInfo|Any CPU = RelWithDebInfo|Any CPU
		RelWithDebInfo|Mixed Platforms = RelWithDebInfo|Mixed Platforms
		RelWithDebInfo|x64 = RelWithDebInfo|x64
		RelWithDebInfo|x86 = RelWithDebInfo|x86
	EndGlobalSection
	GlobalSection(ProjectConfigurationPlatforms) = postSolution
		{B00DC682-6EC7-41C0-8E21-7F2D7DB2F3DB}.Debug|Any CPU.ActiveCfg = Debug|Win32
		{B00DC682-6EC7-41C0-8E21-7F2D7DB2F3DB}.Debug|Any CPU.Build.0 = Debug|Win32
		{B00DC682-6EC7-41C0-8E21-7F2D7DB2F3DB}.Debug|Mixed Platforms.ActiveCfg = Debug|x64
		{B00DC682-6EC7-41C0-8E21-7F2D7DB2F3DB}.Debug|Mixed Platforms.Build.0 = Debug|x64
		{B00DC682-6EC7-41C0-8E21-7F2D7DB2F3DB}.Debug|x64.ActiveCfg = Debug|x64
		{B00DC682-6EC7-41C0-8E21-7F2D7DB2F3DB}.Debug|x64.Build.0 = Debug|x64
		{B00DC682-6EC7-41C0-8E21-7F2D7DB2F3DB}.Debug|x86.ActiveCfg = Debug|Win32
		{B00DC682-6EC7-41C0-8E21-7F2D7DB2F3DB}.Release|Any CPU.ActiveCfg = Release|x64
		{B00DC682-6EC7-41C0-8E21-7F2D7DB2F3DB}.Release|Any CPU.Build.0 = Release|x64
		{B00DC682-6EC7-41C0-8E21-7F2D7DB2F3DB}.Release|Mixed Platforms.ActiveCfg = Release|x64
		{B00DC682-6EC7-41C0-8E21-7F2D7DB2F3DB}.Release|Mixed Platforms.Build.0 = Release|x64
		{B00DC682-6EC7-41C0-8E21-7F2D7DB2F3DB}.Release|x64.ActiveCfg = Release|x64
		{B00DC682-6EC7-41C0-8E21-7F2D7DB2F3DB}.Release|x64.Build.0 = Release|x64
		{B00DC682-6EC7-41C0-8E21-7F2D7DB2F3DB}.Release|x86.ActiveCfg = Release|Win32
		{B00DC682-6EC7-41C0-8E21-7F2D7DB2F3DB}.Release|x86.Build.0 = Release|Win32
		{B00DC682-6EC7-41C0-8E21-7F2D7DB2F3DB}.RelWithDebInfo|Any CPU.ActiveCfg = RelWithDebInfo|Win32
		{B00DC682-6EC7-41C0-8E21-7F2D7DB2F3DB}.RelWithDebInfo|Any CPU.Build.0 = RelWithDebInfo|Win32
		{B00DC682-6EC7-41C0-8E21-7F2D7DB2F3DB}.RelWithDebInfo|Mixed Platforms.ActiveCfg = RelWithDebInfo|x64
		{B00DC682-6EC7-41C0-8E21-7F2D7DB2F3DB}.RelWithDebInfo|Mixed Platforms.Build.0 = RelWithDebInfo|x64
		{B00DC682-6EC7-41C0-8E21-7F2D7DB2F3DB}.RelWithDebInfo|x64.ActiveCfg = RelWithDebInfo|x64
		{B00DC682-6EC7-41C0-8E21-7F2D7DB2F3DB}.RelWithDebInfo|x64.Build.0 = RelWithDebInfo|x64
		{B00DC682-6EC7-41C0-8E21-7F2D7DB2F3DB}.RelWithDebInfo|x86.ActiveCfg = RelWithDebInfo|x64
		{421012A3-A779-4EC2-9E1C-659B55A182BB}.Debug|Any CPU.ActiveCfg = Debug|Any CPU
		{421012A3-A779-4EC2-9E1C-659B55A182BB}.Debug|Any CPU.Build.0 = Debug|Any CPU
		{421012A3-A779-4EC2-9E1C-659B55A182BB}.Debug|Mixed Platforms.ActiveCfg = Debug|Any CPU
		{421012A3-A779-4EC2-9E1C-659B55A182BB}.Debug|Mixed Platforms.Build.0 = Debug|Any CPU
		{421012A3-A779-4EC2-9E1C-659B55A182BB}.Debug|x64.ActiveCfg = Debug|x64
		{421012A3-A779-4EC2-9E1C-659B55A182BB}.Debug|x64.Build.0 = Debug|x64
		{421012A3-A779-4EC2-9E1C-659B55A182BB}.Debug|x86.ActiveCfg = Debug|x86
		{421012A3-A779-4EC2-9E1C-659B55A182BB}.Debug|x86.Build.0 = Debug|x86
		{421012A3-A779-4EC2-9E1C-659B55A182BB}.Release|Any CPU.ActiveCfg = Release|Any CPU
		{421012A3-A779-4EC2-9E1C-659B55A182BB}.Release|Any CPU.Build.0 = Release|Any CPU
		{421012A3-A779-4EC2-9E1C-659B55A182BB}.Release|Mixed Platforms.ActiveCfg = Release|Any CPU
		{421012A3-A779-4EC2-9E1C-659B55A182BB}.Release|Mixed Platforms.Build.0 = Release|Any CPU
		{421012A3-A779-4EC2-9E1C-659B55A182BB}.Release|x64.ActiveCfg = Release|x64
		{421012A3-A779-4EC2-9E1C-659B55A182BB}.Release|x64.Build.0 = Release|x64
		{421012A3-A779-4EC2-9E1C-659B55A182BB}.Release|x86.ActiveCfg = Release|x86
		{421012A3-A779-4EC2-9E1C-659B55A182BB}.RelWithDebInfo|Any CPU.ActiveCfg = RelWithDebInfo|Any CPU
		{421012A3-A779-4EC2-9E1C-659B55A182BB}.RelWithDebInfo|Any CPU.Build.0 = RelWithDebInfo|Any CPU
		{421012A3-A779-4EC2-9E1C-659B55A182BB}.RelWithDebInfo|Mixed Platforms.ActiveCfg = RelWithDebInfo|Any CPU
		{421012A3-A779-4EC2-9E1C-659B55A182BB}.RelWithDebInfo|Mixed Platforms.Build.0 = RelWithDebInfo|Any CPU
		{421012A3-A779-4EC2-9E1C-659B55A182BB}.RelWithDebInfo|x64.ActiveCfg = RelWithDebInfo|x64
		{421012A3-A779-4EC2-9E1C-659B55A182BB}.RelWithDebInfo|x64.Build.0 = RelWithDebInfo|x64
		{421012A3-A779-4EC2-9E1C-659B55A182BB}.RelWithDebInfo|x86.ActiveCfg = RelWithDebInfo|x86
		{421012A3-A779-4EC2-9E1C-659B55A182BB}.RelWithDebInfo|x86.Build.0 = RelWithDebInfo|x86
		{E7640B46-60A0-4DB3-A83F-61729B471254}.Debug|Any CPU.ActiveCfg = Debug|Any CPU
		{E7640B46-60A0-4DB3-A83F-61729B471254}.Debug|Any CPU.Build.0 = Debug|Any CPU
		{E7640B46-60A0-4DB3-A83F-61729B471254}.Debug|Mixed Platforms.ActiveCfg = Debug|Any CPU
		{E7640B46-60A0-4DB3-A83F-61729B471254}.Debug|Mixed Platforms.Build.0 = Debug|Any CPU
		{E7640B46-60A0-4DB3-A83F-61729B471254}.Debug|x64.ActiveCfg = Debug|Any CPU
		{E7640B46-60A0-4DB3-A83F-61729B471254}.Debug|x86.ActiveCfg = Debug|Any CPU
		{E7640B46-60A0-4DB3-A83F-61729B471254}.Release|Any CPU.ActiveCfg = Release|Any CPU
		{E7640B46-60A0-4DB3-A83F-61729B471254}.Release|Any CPU.Build.0 = Release|Any CPU
		{E7640B46-60A0-4DB3-A83F-61729B471254}.Release|Mixed Platforms.ActiveCfg = Release|Any CPU
		{E7640B46-60A0-4DB3-A83F-61729B471254}.Release|Mixed Platforms.Build.0 = Release|Any CPU
		{E7640B46-60A0-4DB3-A83F-61729B471254}.Release|x64.ActiveCfg = Release|Any CPU
		{E7640B46-60A0-4DB3-A83F-61729B471254}.Release|x64.Build.0 = Release|Any CPU
		{E7640B46-60A0-4DB3-A83F-61729B471254}.Release|x86.ActiveCfg = Release|Any CPU
		{E7640B46-60A0-4DB3-A83F-61729B471254}.RelWithDebInfo|Any CPU.ActiveCfg = RelWithDebInfo|Any CPU
		{E7640B46-60A0-4DB3-A83F-61729B471254}.RelWithDebInfo|Any CPU.Build.0 = RelWithDebInfo|Any CPU
		{E7640B46-60A0-4DB3-A83F-61729B471254}.RelWithDebInfo|Mixed Platforms.ActiveCfg = RelWithDebInfo|Any CPU
		{E7640B46-60A0-4DB3-A83F-61729B471254}.RelWithDebInfo|Mixed Platforms.Build.0 = RelWithDebInfo|Any CPU
		{E7640B46-60A0-4DB3-A83F-61729B471254}.RelWithDebInfo|x64.ActiveCfg = RelWithDebInfo|Any CPU
		{E7640B46-60A0-4DB3-A83F-61729B471254}.RelWithDebInfo|x86.ActiveCfg = RelWithDebInfo|Any CPU
	EndGlobalSection
	GlobalSection(SolutionProperties) = preSolution
		HideSolutionNode = FALSE
	EndGlobalSection
EndGlobal
